
Microsoft Visual Studio Solution File, Format Version 12.00
Project("{FAE04EC0-301F-11D3-BF4B-00C04F79EFBC}") = "darkroom", "darkroom\darkroom.csproj", "{07AEC82F-F0FB-46A0-94DB-96800416F762}"
EndProject
Project("{FAE04EC0-301F-11D3-BF4B-00C04F79EFBC}") = "Darkroom.Tests", "Darkroom.Tests\Darkroom.Tests.csproj", "{360F9D34-C505-4339-83E7-629D082B8FA0}"
EndProject
Global
	GlobalSection(SolutionConfigurationPlatforms) = preSolution
		Debug|Any CPU = Debug|Any CPU
		Release|Any CPU = Release|Any CPU
	EndGlobalSection
	GlobalSection(ProjectConfigurationPlatforms) = postSolution
		{07AEC82F-F0FB-46A0-94DB-96800416F762}.Debug|Any CPU.ActiveCfg = Debug|Any CPU
		{07AEC82F-F0FB-46A0-94DB-96800416F762}.Debug|Any CPU.Build.0 = Debug|Any CPU
		{07AEC82F-F0FB-46A0-94DB-96800416F762}.Release|Any CPU.ActiveCfg = Release|Any CPU
		{07AEC82F-F0FB-46A0-94DB-96800416F762}.Release|Any CPU.Build.0 = Release|Any CPU
		{360F9D34-C505-4339-83E7-629D082B8FA0}.Debug|Any CPU.ActiveCfg = Debug|Any CPU
		{360F9D34-C505-4339-83E7-629D082B8FA0}.Debug|Any CPU.Build.0 = Debug|Any CPU
		{360F9D34-C505-4339-83E7-629D082B8FA0}.Release|Any CPU.ActiveCfg = Release|Any CPU
		{360F9D34-C505-4339-83E7-629D082B8FA0}.Release|Any CPU.Build.0 = Release|Any CPU
	EndGlobalSection
EndGlobal
